{
  "name": "@radoslaw-medryk/tslint",
  "version": "0.1.9",
  "lockfileVersion": 1,
  "requires": true,
  "dependencies": {
    "tslib": {
      "version": "1.11.1",
      "resolved": "https://registry.npmjs.org/tslib/-/tslib-1.11.1.tgz",
      "integrity": "sha512-aZW88SY8kQbU7gpV19lN24LtXh/yD4ZZg6qieAJDDg+YBsJcSmLGK9QpnUjAKVG/xefmvJGd1WUmfpT/g6AJGA=="
    },
    "tslint-config-prettier": {
      "version": "1.18.0",
      "resolved": "https://registry.npmjs.org/tslint-config-prettier/-/tslint-config-prettier-1.18.0.tgz",
      "integrity": "sha512-xPw9PgNPLG3iKRxmK7DWr+Ea/SzrvfHtjFt5LBl61gk2UBG/DB9kCXRjv+xyIU1rUtnayLeMUVJBcMX8Z17nDg=="
    },
    "tslint-react": {
      "version": "5.0.0",
      "resolved": "https://registry.npmjs.org/tslint-react/-/tslint-react-5.0.0.tgz",
      "integrity": "sha512-/IbcSmoBPlFic8kQaRfQ4knTY4mivwo5LVzvozvX6Dyu2ynEnrh1dIcR2ujjyp/IodXqY/H5GbxFxSMo/Kf2Hg==",
      "requires": {
        "tsutils": "^3.17.1"
      }
    },
    "tsutils": {
      "version": "3.17.1",
      "resolved": "https://registry.npmjs.org/tsutils/-/tsutils-3.17.1.tgz",
      "integrity": "sha512-kzeQ5B8H3w60nFY2g8cJIuH7JDpsALXySGtwGJ0p2LSjLgay3NdIpqq5SoOBe46bKDW2iq25irHCr8wjomUS2g==",
      "requires": {
        "tslib": "^1.8.1"
      }
    }
  }
}
